Microsoft Visual Studio Solution File, Format Version 9.00
# Visual Studio 2005
Project("{FAE04EC0-301F-11D3-BF4B-00C04F79EFBC}") = "User Administration", "User Administration.csproj", "{B539242C-0F66-44F4-8C50-3ED64890D43C}"
EndProject
Global
	GlobalSection(SolutionConfigurationPlatforms) = preSolution
		Debug|Any CPU = Debug|Any CPU
		Release|Any CPU = Release|Any CPU
	EndGlobalSection
	GlobalSection(ProjectConfigurationPlatforms) = postSolution
		{B539242C-0F66-44F4-8C50-3ED64890D43C}.Debug|Any CPU.ActiveCfg = Debug|Any CPU
		{B539242C-0F66-44F4-8C50-3ED64890D43C}.Debug|Any CPU.Build.0 = Debug|Any CPU
		{B539242C-0F66-44F4-8C50-3ED64890D43C}.Release|Any CPU.ActiveCfg = Release|Any CPU
		{B539242C-0F66-44F4-8C50-3ED64890D43C}.Release|Any CPU.Build.0 = Release|Any CPU
	EndGlobalSection
	GlobalSection(SolutionProperties) = preSolution
		HideSolutionNode = FALSE
	EndGlobalSection
EndGlobal
