Microsoft Visual Studio Solution File, Format Version 8.00
Project("{FAE04EC0-301F-11D3-BF4B-00C04F79EFBC}") = "User Administration", "User Administration.csproj", "{B539242C-0F66-44F4-8C50-3ED64890D43C}"
	ProjectSection(ProjectDependencies) = postProject
	EndProjectSection
EndProject
Global
	GlobalSection(SolutionConfiguration) = preSolution
		Debug = Debug
		Release = Release
	EndGlobalSection
	GlobalSection(ProjectConfiguration) = postSolution
		{B539242C-0F66-44F4-8C50-3ED64890D43C}.Debug.ActiveCfg = Debug|.NET
		{B539242C-0F66-44F4-8C50-3ED64890D43C}.Debug.Build.0 = Debug|.NET
		{B539242C-0F66-44F4-8C50-3ED64890D43C}.Release.ActiveCfg = Release|.NET
		{B539242C-0F66-44F4-8C50-3ED64890D43C}.Release.Build.0 = Release|.NET
	EndGlobalSection
	GlobalSection(ExtensibilityGlobals) = postSolution
	EndGlobalSection
	GlobalSection(ExtensibilityAddIns) = postSolution
	EndGlobalSection
EndGlobal
